
Microsoft Visual Studio Solution File, Format Version 12.00
# Visual Studio Version 17
VisualStudioVersion = 17.0.31903.59
MinimumVisualStudioVersion = 10.0.40219.1
Project("{FAE04EC0-301F-11D3-BF4B-00C04F79EFBC}") = "Wpm.Managment.Api", "Wpm.Managment.Api\Wpm.Managment.Api.csproj", "{0DD685E6-F0C8-4062-A8F4-E5427BDE0DB5}"
EndProject
Project("{FAE04EC0-301F-11D3-BF4B-00C04F79EFBC}") = "Wpm.Managment.Domain", "Wpm.Managment.Domain\Wpm.Managment.Domain.csproj", "{5271F569-3FC3-41AF-9E67-6C9301C02821}"
EndProject
Project("{FAE04EC0-301F-11D3-BF4B-00C04F79EFBC}") = "Wpm.Managment.Domain.Tests", "Wpm.Managment.Domain.Tests\Wpm.Managment.Domain.Tests.csproj", "{2F119AC2-3505-4F13-8F7E-37593FE7ABCA}"
EndProject
Project("{FAE04EC0-301F-11D3-BF4B-00C04F79EFBC}") = "Wpm.Clinic.Domain", "Wpm.Clinic.Domain\Wpm.Clinic.Domain.csproj", "{C1913C74-4E34-4341-8B70-146FD873D8C3}"
EndProject
Project("{FAE04EC0-301F-11D3-BF4B-00C04F79EFBC}") = "Wpm.Clinic.Domain.Tests", "Wpm.Clinic.Domain.Tests\Wpm.Clinic.Domain.Tests.csproj", "{2CFB53E7-04F7-434C-BD7F-945505F255C2}"
EndProject
Project("{FAE04EC0-301F-11D3-BF4B-00C04F79EFBC}") = "Wpm.Clinic.Api", "Wpm.Clinic.Api\Wpm.Clinic.Api.csproj", "{C9984193-7ABC-47B2-9C1F-08DB12D8BC42}"
EndProject
Project("{FAE04EC0-301F-11D3-BF4B-00C04F79EFBC}") = "Wpm.SharedKernel", "Wpm.SharedKernel\Wpm.SharedKernel.csproj", "{0C6BDDF1-6404-40CE-AB0E-1485B25FC766}"
EndProject
Global
	GlobalSection(SolutionConfigurationPlatforms) = preSolution
		Debug|Any CPU = Debug|Any CPU
		Release|Any CPU = Release|Any CPU
	EndGlobalSection
	GlobalSection(ProjectConfigurationPlatforms) = postSolution
		{0DD685E6-F0C8-4062-A8F4-E5427BDE0DB5}.Debug|Any CPU.ActiveCfg = Debug|Any CPU
		{0DD685E6-F0C8-4062-A8F4-E5427BDE0DB5}.Debug|Any CPU.Build.0 = Debug|Any CPU
		{0DD685E6-F0C8-4062-A8F4-E5427BDE0DB5}.Release|Any CPU.ActiveCfg = Release|Any CPU
		{0DD685E6-F0C8-4062-A8F4-E5427BDE0DB5}.Release|Any CPU.Build.0 = Release|Any CPU
		{5271F569-3FC3-41AF-9E67-6C9301C02821}.Debug|Any CPU.ActiveCfg = Debug|Any CPU
		{5271F569-3FC3-41AF-9E67-6C9301C02821}.Debug|Any CPU.Build.0 = Debug|Any CPU
		{5271F569-3FC3-41AF-9E67-6C9301C02821}.Release|Any CPU.ActiveCfg = Release|Any CPU
		{5271F569-3FC3-41AF-9E67-6C9301C02821}.Release|Any CPU.Build.0 = Release|Any CPU
		{2F119AC2-3505-4F13-8F7E-37593FE7ABCA}.Debug|Any CPU.ActiveCfg = Debug|Any CPU
		{2F119AC2-3505-4F13-8F7E-37593FE7ABCA}.Debug|Any CPU.Build.0 = Debug|Any CPU
		{2F119AC2-3505-4F13-8F7E-37593FE7ABCA}.Release|Any CPU.ActiveCfg = Release|Any CPU
		{2F119AC2-3505-4F13-8F7E-37593FE7ABCA}.Release|Any CPU.Build.0 = Release|Any CPU
		{C1913C74-4E34-4341-8B70-146FD873D8C3}.Debug|Any CPU.ActiveCfg = Debug|Any CPU
		{C1913C74-4E34-4341-8B70-146FD873D8C3}.Debug|Any CPU.Build.0 = Debug|Any CPU
		{C1913C74-4E34-4341-8B70-146FD873D8C3}.Release|Any CPU.ActiveCfg = Release|Any CPU
		{C1913C74-4E34-4341-8B70-146FD873D8C3}.Release|Any CPU.Build.0 = Release|Any CPU
		{2CFB53E7-04F7-434C-BD7F-945505F255C2}.Debug|Any CPU.ActiveCfg = Debug|Any CPU
		{2CFB53E7-04F7-434C-BD7F-945505F255C2}.Debug|Any CPU.Build.0 = Debug|Any CPU
		{2CFB53E7-04F7-434C-BD7F-945505F255C2}.Release|Any CPU.ActiveCfg = Release|Any CPU
		{2CFB53E7-04F7-434C-BD7F-945505F255C2}.Release|Any CPU.Build.0 = Release|Any CPU
		{C9984193-7ABC-47B2-9C1F-08DB12D8BC42}.Debug|Any CPU.ActiveCfg = Debug|Any CPU
		{C9984193-7ABC-47B2-9C1F-08DB12D8BC42}.Debug|Any CPU.Build.0 = Debug|Any CPU
		{C9984193-7ABC-47B2-9C1F-08DB12D8BC42}.Release|Any CPU.ActiveCfg = Release|Any CPU
		{C9984193-7ABC-47B2-9C1F-08DB12D8BC42}.Release|Any CPU.Build.0 = Release|Any CPU
		{0C6BDDF1-6404-40CE-AB0E-1485B25FC766}.Debug|Any CPU.ActiveCfg = Debug|Any CPU
		{0C6BDDF1-6404-40CE-AB0E-1485B25FC766}.Debug|Any CPU.Build.0 = Debug|Any CPU
		{0C6BDDF1-6404-40CE-AB0E-1485B25FC766}.Release|Any CPU.ActiveCfg = Release|Any CPU
		{0C6BDDF1-6404-40CE-AB0E-1485B25FC766}.Release|Any CPU.Build.0 = Release|Any CPU
	EndGlobalSection
	GlobalSection(SolutionProperties) = preSolution
		HideSolutionNode = FALSE
	EndGlobalSection
EndGlobal
