
Microsoft Visual Studio Solution File, Format Version 12.00
# Visual Studio Version 17
VisualStudioVersion = 17.0.31903.59
MinimumVisualStudioVersion = 10.0.40219.1
Project("{FAE04EC0-301F-11D3-BF4B-00C04F79EFBC}") = "Wpm.Managment.Api", "Wpm.Managment.Api\Wpm.Managment.Api.csproj", "{0DD685E6-F0C8-4062-A8F4-E5427BDE0DB5}"
EndProject
Project("{FAE04EC0-301F-11D3-BF4B-00C04F79EFBC}") = "Wpm.Managment.Domain", "Wpm.Managment.Domain\Wpm.Managment.Domain.csproj", "{5271F569-3FC3-41AF-9E67-6C9301C02821}"
EndProject
Project("{FAE04EC0-301F-11D3-BF4B-00C04F79EFBC}") = "Wpm.Managment.Domain.Tests", "Wpm.Managment.Domain.Tests\Wpm.Managment.Domain.Tests.csproj", "{2F119AC2-3505-4F13-8F7E-37593FE7ABCA}"
EndProject
Global
	GlobalSection(SolutionConfigurationPlatforms) = preSolution
		Debug|Any CPU = Debug|Any CPU
		Release|Any CPU = Release|Any CPU
	EndGlobalSection
	GlobalSection(SolutionProperties) = preSolution
		HideSolutionNode = FALSE
	EndGlobalSection
	GlobalSection(ProjectConfigurationPlatforms) = postSolution
		{0DD685E6-F0C8-4062-A8F4-E5427BDE0DB5}.Debug|Any CPU.ActiveCfg = Debug|Any CPU
		{0DD685E6-F0C8-4062-A8F4-E5427BDE0DB5}.Debug|Any CPU.Build.0 = Debug|Any CPU
		{0DD685E6-F0C8-4062-A8F4-E5427BDE0DB5}.Release|Any CPU.ActiveCfg = Release|Any CPU
		{0DD685E6-F0C8-4062-A8F4-E5427BDE0DB5}.Release|Any CPU.Build.0 = Release|Any CPU
		{5271F569-3FC3-41AF-9E67-6C9301C02821}.Debug|Any CPU.ActiveCfg = Debug|Any CPU
		{5271F569-3FC3-41AF-9E67-6C9301C02821}.Debug|Any CPU.Build.0 = Debug|Any CPU
		{5271F569-3FC3-41AF-9E67-6C9301C02821}.Release|Any CPU.ActiveCfg = Release|Any CPU
		{5271F569-3FC3-41AF-9E67-6C9301C02821}.Release|Any CPU.Build.0 = Release|Any CPU
		{2F119AC2-3505-4F13-8F7E-37593FE7ABCA}.Debug|Any CPU.ActiveCfg = Debug|Any CPU
		{2F119AC2-3505-4F13-8F7E-37593FE7ABCA}.Debug|Any CPU.Build.0 = Debug|Any CPU
		{2F119AC2-3505-4F13-8F7E-37593FE7ABCA}.Release|Any CPU.ActiveCfg = Release|Any CPU
		{2F119AC2-3505-4F13-8F7E-37593FE7ABCA}.Release|Any CPU.Build.0 = Release|Any CPU
	EndGlobalSection
EndGlobal
